// !$*UTF8*$!
{
	archiveVersion = 1;
	classes = {
	};
	objectVersion = 48;
	objects = {

/* Begin PBXBuildFile section */
		01996B201FB2302800DC0939 /* AppDelegate.swift in Sources */ = {isa = PBXBuildFile; fileRef = 01996B1F1FB2302800DC0939 /* AppDelegate.swift */; };
		01996B251FB2302900DC0939 /* Main.storyboard in Resources */ = {isa = PBXBuildFile; fileRef = 01996B231FB2302900DC0939 /* Main.storyboard */; };
		01996B271FB2302900DC0939 /* Assets.xcassets in Resources */ = {isa = PBXBuildFile; fileRef = 01996B261FB2302900DC0939 /* Assets.xcassets */; };
		01996B2A1FB2302900DC0939 /* LaunchScreen.storyboard in Resources */ = {isa = PBXBuildFile; fileRef = 01996B281FB2302900DC0939 /* LaunchScreen.storyboard */; };
		01996B321FB231A900DC0939 /* ToDo.swift in Sources */ = {isa = PBXBuildFile; fileRef = 01996B311FB231A900DC0939 /* ToDo.swift */; };
		01F04C891FBEC99F00F20E31 /* ToDoTableViewController.swift in Sources */ = {isa = PBXBuildFile; fileRef = 01F04C881FBEC99F00F20E31 /* ToDoTableViewController.swift */; };
		01F04C8D1FC346B300F20E31 /* NewToDoTableViewController.swift in Sources */ = {isa = PBXBuildFile; fileRef = 01F04C8C1FC346B300F20E31 /* NewToDoTableViewController.swift */; };
		01F04C8F1FC5E9EE00F20E31 /* ToDoCellTableViewCell.swift in Sources */ = {isa = PBXBuildFile; fileRef = 01F04C8E1FC5E9EE00F20E31 /* ToDoCellTableViewCell.swift */; };
/* End PBXBuildFile section */

/* Begin PBXFileReference section */
		01996B1C1FB2302800DC0939 /* ToDoList.app */ = {isa = PBXFileReference; explicitFileType = wrapper.application; includeInIndex = 0; path = ToDoList.app; sourceTree = BUILT_PRODUCTS_DIR; };
		01996B1F1FB2302800DC0939 /* AppDelegate.swift */ = {isa = PBXFileReference; lastKnownFileType = sourcecode.swift; path = AppDelegate.swift; sourceTree = "<group>"; };
		01996B241FB2302900DC0939 /* Base */ = {isa = PBXFileReference; lastKnownFileType = file.storyboard; name = Base; path = Base.lproj/Main.storyboard; sourceTree = "<group>"; };
		01996B261FB2302900DC0939 /* Assets.xcassets */ = {isa = PBXFileReference; lastKnownFileType = folder.assetcatalog; path = Assets.xcassets; sourceTree = "<group>"; };
		01996B291FB2302900DC0939 /* Base */ = {isa = PBXFileReference; lastKnownFileType = file.storyboard; name = Base; path = Base.lproj/LaunchScreen.storyboard; sourceTree = "<group>"; };
		01996B2B1FB2302900DC0939 /* Info.plist */ = {isa = PBXFileReference; lastKnownFileType = text.plist.xml; path = Info.plist; sourceTree = "<group>"; };
		01996B311FB231A900DC0939 /* ToDo.swift */ = {isa = PBXFileReference; lastKnownFileType = sourcecode.swift; path = ToDo.swift; sourceTree = "<group>"; };
		01F04C881FBEC99F00F20E31 /* ToDoTableViewController.swift */ = {isa = PBXFileReference; lastKnownFileType = sourcecode.swift; path = ToDoTableViewController.swift; sourceTree = "<group>"; };
		01F04C8C1FC346B300F20E31 /* NewToDoTableViewController.swift */ = {isa = PBXFileReference; lastKnownFileType = sourcecode.swift; path = NewToDoTableViewController.swift; sourceTree = "<group>"; };
		01F04C8E1FC5E9EE00F20E31 /* ToDoCellTableViewCell.swift */ = {isa = PBXFileReference; lastKnownFileType = sourcecode.swift; path = ToDoCellTableViewCell.swift; sourceTree = "<group>"; };
/* End PBXFileReference section */

/* Begin PBXFrameworksBuildPhase section */
		01996B191FB2302800DC0939 /* Frameworks */ = {
			isa = PBXFrameworksBuildPhase;
			buildActionMask = 2147483647;
			files = (
			);
			runOnlyForDeploymentPostprocessing = 0;
		};
/* End PBXFrameworksBuildPhase section */

/* Begin PBXGroup section */
		01996B131FB2302800DC0939 = {
			isa = PBXGroup;
			children = (
				01996B1E1FB2302800DC0939 /* ToDoList */,
				01996B1D1FB2302800DC0939 /* Products */,
			);
			sourceTree = "<group>";
		};
		01996B1D1FB2302800DC0939 /* Products */ = {
			isa = PBXGroup;
			children = (
				01996B1C1FB2302800DC0939 /* ToDoList.app */,
			);
			name = Products;
			sourceTree = "<group>";
		};
		01996B1E1FB2302800DC0939 /* ToDoList */ = {
			isa = PBXGroup;
			children = (
				01996B1F1FB2302800DC0939 /* AppDelegate.swift */,
				01996B231FB2302900DC0939 /* Main.storyboard */,
				01F04C881FBEC99F00F20E31 /* ToDoTableViewController.swift */,
				01F04C8C1FC346B300F20E31 /* NewToDoTableViewController.swift */,
				01F04C8E1FC5E9EE00F20E31 /* ToDoCellTableViewCell.swift */,
				01996B261FB2302900DC0939 /* Assets.xcassets */,
				01996B281FB2302900DC0939 /* LaunchScreen.storyboard */,
				01996B311FB231A900DC0939 /* ToDo.swift */,
				01996B2B1FB2302900DC0939 /* Info.plist */,
			);
			path = ToDoList;
			sourceTree = "<group>";
		};
/* End PBXGroup section */

/* Begin PBXNativeTarget section */
		01996B1B1FB2302800DC0939 /* ToDoList */ = {
			isa = PBXNativeTarget;
			buildConfigurationList = 01996B2E1FB2302900DC0939 /* Build configuration list for PBXNativeTarget "ToDoList" */;
			buildPhases = (
				01996B181FB2302800DC0939 /* Sources */,
				01996B191FB2302800DC0939 /* Frameworks */,
				01996B1A1FB2302800DC0939 /* Resources */,
			);
			buildRules = (
			);
			dependencies = (
			);
			name = ToDoList;
			productName = ToDoList;
			productReference = 01996B1C1FB2302800DC0939 /* ToDoList.app */;
			productType = "com.apple.product-type.application";
		};
/* End PBXNativeTarget section */

/* Begin PBXProject section */
		01996B141FB2302800DC0939 /* Project object */ = {
			isa = PBXProject;
			attributes = {
				LastSwiftUpdateCheck = 0900;
				LastUpgradeCheck = 0900;
				ORGANIZATIONNAME = "Jake Noble";
				TargetAttributes = {
					01996B1B1FB2302800DC0939 = {
						CreatedOnToolsVersion = 9.0.1;
						ProvisioningStyle = Automatic;
					};
				};
			};
			buildConfigurationList = 01996B171FB2302800DC0939 /* Build configuration list for PBXProject "ToDoList" */;
			compatibilityVersion = "Xcode 8.0";
			developmentRegion = en;
			hasScannedForEncodings = 0;
			knownRegions = (
				en,
				Base,
			);
			mainGroup = 01996B131FB2302800DC0939;
			productRefGroup = 01996B1D1FB2302800DC0939 /* Products */;
			projectDirPath = "";
			projectRoot = "";
			targets = (
				01996B1B1FB2302800DC0939 /* ToDoList */,
			);
		};
/* End PBXProject section */

/* Begin PBXResourcesBuildPhase section */
		01996B1A1FB2302800DC0939 /* Resources */ = {
			isa = PBXResourcesBuildPhase;
			buildActionMask = 2147483647;
			files = (
				01996B2A1FB2302900DC0939 /* LaunchScreen.storyboard in Resources */,
				01996B271FB2302900DC0939 /* Assets.xcassets in Resources */,
				01996B251FB2302900DC0939 /* Main.storyboard in Resources */,
			);
			runOnlyForDeploymentPostprocessing = 0;
		};
/* End PBXResourcesBuildPhase section */

/* Begin PBXSourcesBuildPhase section */
		01996B181FB2302800DC0939 /* Sources */ = {
			isa = PBXSourcesBuildPhase;
			buildActionMask = 2147483647;
			files = (
				01F04C8D1FC346B300F20E31 /* NewToDoTableViewController.swift in Sources */,
				01F04C8F1FC5E9EE00F20E31 /* ToDoCellTableViewCell.swift in Sources */,
				01996B201FB2302800DC0939 /* AppDelegate.swift in Sources */,
				01F04C891FBEC99F00F20E31 /* ToDoTableViewController.swift in Sources */,
				01996B321FB231A900DC0939 /* ToDo.swift in Sources */,
			);
			runOnlyForDeploymentPostprocessing = 0;
		};
/* End PBXSourcesBuildPhase section */

/* Begin PBXVariantGroup section */
		01996B231FB2302900DC0939 /* Main.storyboard */ = {
			isa = PBXVariantGroup;
			children = (
				01996B241FB2302900DC0939 /* Base */,
			);
			name = Main.storyboard;
			sourceTree = "<group>";
		};
		01996B281FB2302900DC0939 /* LaunchScreen.storyboard */ = {
			isa = PBXVariantGroup;
			children = (
				01996B291FB2302900DC0939 /* Base */,
			);
			name = LaunchScreen.storyboard;
			sourceTree = "<group>";
		};
/* End PBXVariantGroup section */

/* Begin XCBuildConfiguration section */
		01996B2C1FB2302900DC0939 /* Debug */ = {
			isa = XCBuildConfiguration;
			buildSettings = {
				ALWAYS_SEARCH_USER_PATHS = NO;
				CLANG_ANALYZER_NONNULL = YES;
				CLANG_ANALYZER_NUMBER_OBJECT_CONVERSION = YES_AGGRESSIVE;
				CLANG_CXX_LANGUAGE_STANDARD = "gnu++14";
				CLANG_CXX_LIBRARY = "libc++";
				CLANG_ENABLE_MODULES = YES;
				CLANG_ENABLE_OBJC_ARC = YES;
				CLANG_WARN_BLOCK_CAPTURE_AUTORELEASING = YES;
				CLANG_WARN_BOOL_CONVERSION = YES;
				CLANG_WARN_COMMA = YES;
				CLANG_WARN_CONSTANT_CONVERSION = YES;
				CLANG_WARN_DIRECT_OBJC_ISA_USAGE = YES_ERROR;
				CLANG_WARN_DOCUMENTATION_COMMENTS = YES;
				CLANG_WARN_EMPTY_BODY = YES;
				CLANG_WARN_ENUM_CONVERSION = YES;
				CLANG_WARN_INFINITE_RECURSION = YES;
				CLANG_WARN_INT_CONVERSION = YES;
				CLANG_WARN_NON_LITERAL_NULL_CONVERSION = YES;
				CLANG_WARN_OBJC_LITERAL_CONVERSION = YES;
				CLANG_WARN_OBJC_ROOT_CLASS = YES_ERROR;
				CLANG_WARN_RANGE_LOOP_ANALYSIS = YES;
				CLANG_WARN_STRICT_PROTOTYPES = YES;
				CLANG_WARN_SUSPICIOUS_MOVE = YES;
				CLANG_WARN_UNGUARDED_AVAILABILITY = YES_AGGRESSIVE;
				CLANG_WARN_UNREACHABLE_CODE = YES;
				CLANG_WARN__DUPLICATE_METHOD_MATCH = YES;
				CODE_SIGN_IDENTITY = "iPhone Developer";
				COPY_PHASE_STRIP = NO;
				DEBUG_INFORMATION_FORMAT = dwarf;
				ENABLE_STRICT_OBJC_MSGSEND = YES;
				ENABLE_TESTABILITY = YES;
				GCC_C_LANGUAGE_STANDARD = gnu11;
				GCC_DYNAMIC_NO_PIC = NO;
				GCC_NO_COMMON_BLOCKS = YES;
				GCC_OPTIMIZATION_LEVEL = 0;
				GCC_PREPROCESSOR_DEFINITIONS = (
					"DEBUG=1",
					"$(inherited)",
				);
				GCC_WARN_64_TO_32_BIT_CONVERSION = YES;
				GCC_WARN_ABOUT_RETURN_TYPE = YES_ERROR;
				GCC_WARN_UNDECLARED_SELECTOR = YES;
				GCC_WARN_UNINITIALIZED_AUTOS = YES_AGGRESSIVE;
				GCC_WARN_UNUSED_FUNCTION = YES;
				GCC_WARN_UNUSED_VARIABLE = YES;
				IPHONEOS_DEPLOYMENT_TARGET = 11.0;
				MTL_ENABLE_DEBUG_INFO = YES;
				ONLY_ACTIVE_ARCH = YES;
				SDKROOT = iphoneos;
				SWIFT_ACTIVE_COMPILATION_CONDITIONS = DEBUG;
				SWIFT_OPTIMIZATION_LEVEL = "-Onone";
			};
			name = Debug;
		};
		01996B2D1FB2302900DC0939 /* Release */ = {
			isa = XCBuildConfiguration;
			buildSettings = {
				ALWAYS_SEARCH_USER_PATHS = NO;
				CLANG_ANALYZER_NONNULL = YES;
				CLANG_ANALYZER_NUMBER_OBJECT_CONVERSION = YES_AGGRESSIVE;
				CLANG_CXX_LANGUAGE_STANDARD = "gnu++14";
				CLANG_CXX_LIBRARY = "libc++";
				CLANG_ENABLE_MODULES = YES;
				CLANG_ENABLE_OBJC_ARC = YES;
				CLANG_WARN_BLOCK_CAPTURE_AUTORELEASING = YES;
				CLANG_WARN_BOOL_CONVERSION = YES;
				CLANG_WARN_COMMA = YES;
				CLANG_WARN_CONSTANT_CONVERSION = YES;
				CLANG_WARN_DIRECT_OBJC_ISA_USAGE = YES_ERROR;
				CLANG_WARN_DOCUMENTATION_COMMENTS = YES;
				CLANG_WARN_EMPTY_BODY = YES;
				CLANG_WARN_ENUM_CONVERSION = YES;
				CLANG_WARN_INFINITE_RECURSION = YES;
				CLANG_WARN_INT_CONVERSION = YES;
				CLANG_WARN_NON_LITERAL_NULL_CONVERSION = YES;
				CLANG_WARN_OBJC_LITERAL_CONVERSION = YES;
				CLANG_WARN_OBJC_ROOT_CLASS = YES_ERROR;
				CLANG_WARN_RANGE_LOOP_ANALYSIS = YES;
				CLANG_WARN_STRICT_PROTOTYPES = YES;
				CLANG_WARN_SUSPICIOUS_MOVE = YES;
				CLANG_WARN_UNGUARDED_AVAILABILITY = YES_AGGRESSIVE;
				CLANG_WARN_UNREACHABLE_CODE = YES;
				CLANG_WARN__DUPLICATE_METHOD_MATCH = YES;
				CODE_SIGN_IDENTITY = "iPhone Developer";
				COPY_PHASE_STRIP = NO;
				DEBUG_INFORMATION_FORMAT = "dwarf-with-dsym";
				ENABLE_NS_ASSERTIONS = NO;
				ENABLE_STRICT_OBJC_MSGSEND = YES;
				GCC_C_LANGUAGE_STANDARD = gnu11;
				GCC_NO_COMMON_BLOCKS = YES;
				GCC_WARN_64_TO_32_BIT_CONVERSION = YES;
				GCC_WARN_ABOUT_RETURN_TYPE = YES_ERROR;
				GCC_WARN_UNDECLARED_SELECTOR = YES;
				GCC_WARN_UNINITIALIZED_AUTOS = YES_AGGRESSIVE;
				GCC_WARN_UNUSED_FUNCTION = YES;
				GCC_WARN_UNUSED_VARIABLE = YES;
				IPHONEOS_DEPLOYMENT_TARGET = 11.0;
				MTL_ENABLE_DEBUG_INFO = NO;
				SDKROOT = iphoneos;
				SWIFT_OPTIMIZATION_LEVEL = "-Owholemodule";
				VALIDATE_PRODUCT = YES;
			};
			name = Release;
		};
		01996B2F1FB2302900DC0939 /* Debug */ = {
			isa = XCBuildConfiguration;
			buildSettings = {
				ASSETCATALOG_COMPILER_APPICON_NAME = AppIcon;
				CODE_SIGN_STYLE = Automatic;
				DEVELOPMENT_TEAM = 9NDBE6546J;
				INFOPLIST_FILE = ToDoList/Info.plist;
				LD_RUNPATH_SEARCH_PATHS = "$(inherited) @executable_path/Frameworks";
				PRODUCT_BUNDLE_IDENTIFIER = "Dissolve-Studios.ToDoList";
				PRODUCT_NAME = "$(TARGET_NAME)";
				SWIFT_VERSION = 4.0;
				TARGETED_DEVICE_FAMILY = "1,2";
			};
			name = Debug;
		};
		01996B301FB2302900DC0939 /* Release */ = {
			isa = XCBuildConfiguration;
			buildSettings = {
				ASSETCATALOG_COMPILER_APPICON_NAME = AppIcon;
				CODE_SIGN_STYLE = Automatic;
				DEVELOPMENT_TEAM = 9NDBE6546J;
				INFOPLIST_FILE = ToDoList/Info.plist;
				LD_RUNPATH_SEARCH_PATHS = "$(inherited) @executable_path/Frameworks";
				PRODUCT_BUNDLE_IDENTIFIER = "Dissolve-Studios.ToDoList";
				PRODUCT_NAME = "$(TARGET_NAME)";
				SWIFT_VERSION = 4.0;
				TARGETED_DEVICE_FAMILY = "1,2";
			};
			name = Release;
		};
/* End XCBuildConfiguration section */

/* Begin XCConfigurationList section */
		01996B171FB2302800DC0939 /* Build configuration list for PBXProject "ToDoList" */ = {
			isa = XCConfigurationList;
			buildConfigurations = (
				01996B2C1FB2302900DC0939 /* Debug */,
				01996B2D1FB2302900DC0939 /* Release */,
			);
			defaultConfigurationIsVisible = 0;
			defaultConfigurationName = Release;
		};
		01996B2E1FB2302900DC0939 /* Build configuration list for PBXNativeTarget "ToDoList" */ = {
			isa = XCConfigurationList;
			buildConfigurations = (
				01996B2F1FB2302900DC0939 /* Debug */,
				01996B301FB2302900DC0939 /* Release */,
			);
			defaultConfigurationIsVisible = 0;
			defaultConfigurationName = Release;
		};
/* End XCConfigurationList section */
	};
	rootObject = 01996B141FB2302800DC0939 /* Project object */;
}
